
Microsoft Visual Studio Solution File, Format Version 12.00
# Visual Studio Version 17
VisualStudioVersion = 17.0.31903.59
MinimumVisualStudioVersion = 10.0.40219.1
Project("{FAE04EC0-301F-11D3-BF4B-00C04F79EFBC}") = "TaskManager.Models", "TaskManager.Models\TaskManager.Models.csproj", "{18AEC836-13E1-4BE8-8C1F-863F6FDF9686}"
EndProject
Project("{FAE04EC0-301F-11D3-BF4B-00C04F79EFBC}") = "TaskManager.Data", "TaskManager.Data\TaskManager.Data.csproj", "{414BAACD-DCF7-4E7A-8ABF-C5C0C92C9BD9}"
EndProject
Project("{FAE04EC0-301F-11D3-BF4B-00C04F79EFBC}") = "TaskManager.Client", "TaskManager.Client\TaskManager.Client.csproj", "{0DF2B9CA-A05F-4307-A297-E1585C6A9676}"
EndProject
Project("{FAE04EC0-301F-11D3-BF4B-00C04F79EFBC}") = "TaskManager.Api", "TaskManager.Api\TaskManager.Api.csproj", "{F33B0437-35C8-4044-90AC-AC5C69F61DB7}"
EndProject
Global
	GlobalSection(SolutionConfigurationPlatforms) = preSolution
		Debug|Any CPU = Debug|Any CPU
		Debug|x64 = Debug|x64
		Debug|x86 = Debug|x86
		Release|Any CPU = Release|Any CPU
		Release|x64 = Release|x64
		Release|x86 = Release|x86
	EndGlobalSection
	GlobalSection(ProjectConfigurationPlatforms) = postSolution
		{18AEC836-13E1-4BE8-8C1F-863F6FDF9686}.Debug|Any CPU.ActiveCfg = Debug|Any CPU
		{18AEC836-13E1-4BE8-8C1F-863F6FDF9686}.Debug|Any CPU.Build.0 = Debug|Any CPU
		{18AEC836-13E1-4BE8-8C1F-863F6FDF9686}.Debug|x64.ActiveCfg = Debug|Any CPU
		{18AEC836-13E1-4BE8-8C1F-863F6FDF9686}.Debug|x64.Build.0 = Debug|Any CPU
		{18AEC836-13E1-4BE8-8C1F-863F6FDF9686}.Debug|x86.ActiveCfg = Debug|Any CPU
		{18AEC836-13E1-4BE8-8C1F-863F6FDF9686}.Debug|x86.Build.0 = Debug|Any CPU
		{18AEC836-13E1-4BE8-8C1F-863F6FDF9686}.Release|Any CPU.ActiveCfg = Release|Any CPU
		{18AEC836-13E1-4BE8-8C1F-863F6FDF9686}.Release|Any CPU.Build.0 = Release|Any CPU
		{18AEC836-13E1-4BE8-8C1F-863F6FDF9686}.Release|x64.ActiveCfg = Release|Any CPU
		{18AEC836-13E1-4BE8-8C1F-863F6FDF9686}.Release|x64.Build.0 = Release|Any CPU
		{18AEC836-13E1-4BE8-8C1F-863F6FDF9686}.Release|x86.ActiveCfg = Release|Any CPU
		{18AEC836-13E1-4BE8-8C1F-863F6FDF9686}.Release|x86.Build.0 = Release|Any CPU
		{414BAACD-DCF7-4E7A-8ABF-C5C0C92C9BD9}.Debug|Any CPU.ActiveCfg = Debug|Any CPU
		{414BAACD-DCF7-4E7A-8ABF-C5C0C92C9BD9}.Debug|Any CPU.Build.0 = Debug|Any CPU
		{414BAACD-DCF7-4E7A-8ABF-C5C0C92C9BD9}.Debug|x64.ActiveCfg = Debug|Any CPU
		{414BAACD-DCF7-4E7A-8ABF-C5C0C92C9BD9}.Debug|x64.Build.0 = Debug|Any CPU
		{414BAACD-DCF7-4E7A-8ABF-C5C0C92C9BD9}.Debug|x86.ActiveCfg = Debug|Any CPU
		{414BAACD-DCF7-4E7A-8ABF-C5C0C92C9BD9}.Debug|x86.Build.0 = Debug|Any CPU
		{414BAACD-DCF7-4E7A-8ABF-C5C0C92C9BD9}.Release|Any CPU.ActiveCfg = Release|Any CPU
		{414BAACD-DCF7-4E7A-8ABF-C5C0C92C9BD9}.Release|Any CPU.Build.0 = Release|Any CPU
		{414BAACD-DCF7-4E7A-8ABF-C5C0C92C9BD9}.Release|x64.ActiveCfg = Release|Any CPU
		{414BAACD-DCF7-4E7A-8ABF-C5C0C92C9BD9}.Release|x64.Build.0 = Release|Any CPU
		{414BAACD-DCF7-4E7A-8ABF-C5C0C92C9BD9}.Release|x86.ActiveCfg = Release|Any CPU
		{414BAACD-DCF7-4E7A-8ABF-C5C0C92C9BD9}.Release|x86.Build.0 = Release|Any CPU
		{0DF2B9CA-A05F-4307-A297-E1585C6A9676}.Debug|Any CPU.ActiveCfg = Debug|Any CPU
		{0DF2B9CA-A05F-4307-A297-E1585C6A9676}.Debug|Any CPU.Build.0 = Debug|Any CPU
		{0DF2B9CA-A05F-4307-A297-E1585C6A9676}.Debug|x64.ActiveCfg = Debug|Any CPU
		{0DF2B9CA-A05F-4307-A297-E1585C6A9676}.Debug|x64.Build.0 = Debug|Any CPU
		{0DF2B9CA-A05F-4307-A297-E1585C6A9676}.Debug|x86.ActiveCfg = Debug|Any CPU
		{0DF2B9CA-A05F-4307-A297-E1585C6A9676}.Debug|x86.Build.0 = Debug|Any CPU
		{0DF2B9CA-A05F-4307-A297-E1585C6A9676}.Release|Any CPU.ActiveCfg = Release|Any CPU
		{0DF2B9CA-A05F-4307-A297-E1585C6A9676}.Release|Any CPU.Build.0 = Release|Any CPU
		{0DF2B9CA-A05F-4307-A297-E1585C6A9676}.Release|x64.ActiveCfg = Release|Any CPU
		{0DF2B9CA-A05F-4307-A297-E1585C6A9676}.Release|x64.Build.0 = Release|Any CPU
		{0DF2B9CA-A05F-4307-A297-E1585C6A9676}.Release|x86.ActiveCfg = Release|Any CPU
		{0DF2B9CA-A05F-4307-A297-E1585C6A9676}.Release|x86.Build.0 = Release|Any CPU
		{F33B0437-35C8-4044-90AC-AC5C69F61DB7}.Debug|Any CPU.ActiveCfg = Debug|Any CPU
		{F33B0437-35C8-4044-90AC-AC5C69F61DB7}.Debug|Any CPU.Build.0 = Debug|Any CPU
		{F33B0437-35C8-4044-90AC-AC5C69F61DB7}.Debug|x64.ActiveCfg = Debug|Any CPU
		{F33B0437-35C8-4044-90AC-AC5C69F61DB7}.Debug|x64.Build.0 = Debug|Any CPU
		{F33B0437-35C8-4044-90AC-AC5C69F61DB7}.Debug|x86.ActiveCfg = Debug|Any CPU
		{F33B0437-35C8-4044-90AC-AC5C69F61DB7}.Debug|x86.Build.0 = Debug|Any CPU
		{F33B0437-35C8-4044-90AC-AC5C69F61DB7}.Release|Any CPU.ActiveCfg = Release|Any CPU
		{F33B0437-35C8-4044-90AC-AC5C69F61DB7}.Release|Any CPU.Build.0 = Release|Any CPU
		{F33B0437-35C8-4044-90AC-AC5C69F61DB7}.Release|x64.ActiveCfg = Release|Any CPU
		{F33B0437-35C8-4044-90AC-AC5C69F61DB7}.Release|x64.Build.0 = Release|Any CPU
		{F33B0437-35C8-4044-90AC-AC5C69F61DB7}.Release|x86.ActiveCfg = Release|Any CPU
		{F33B0437-35C8-4044-90AC-AC5C69F61DB7}.Release|x86.Build.0 = Release|Any CPU
	EndGlobalSection
	GlobalSection(SolutionProperties) = preSolution
		HideSolutionNode = FALSE
	EndGlobalSection
	GlobalSection(ExtensibilityGlobals) = postSolution
		SolutionGuid = {80B45FA6-44EA-4EE7-AB82-E8381726DB89}
	EndGlobalSection
EndGlobal
